
Microsoft Visual Studio Solution File, Format Version 12.00
# Visual Studio Version 17
VisualStudioVersion = 17.9.34714.143
MinimumVisualStudioVersion = 10.0.40219.1
Project("{9A19103F-16F7-4668-BE54-9A1E7A4F7556}") = "Karapinha-api", "KarapinhaXpoto\Karapinha-api.csproj", "{EDE39F80-EC07-4E84-B434-5694B19ED2F1}"
EndProject
Project("{9A19103F-16F7-4668-BE54-9A1E7A4F7556}") = "Karapinha.DAL", "Karapinha.DAL\Karapinha.DAL.csproj", "{670B5293-3605-4939-9BD9-53758D2D51AC}"
EndProject
Project("{9A19103F-16F7-4668-BE54-9A1E7A4F7556}") = "Karapinha.Model", "Karapinha.Model\Karapinha.Model.csproj", "{BEEAAB2E-501D-45F3-B8C0-8BF9C59F663B}"
EndProject
Project("{9A19103F-16F7-4668-BE54-9A1E7A4F7556}") = "Karapinha.Services", "Karapinha.Services\Karapinha.Services.csproj", "{48021397-2976-41BE-AC25-1E631C618738}"
EndProject
Project("{9A19103F-16F7-4668-BE54-9A1E7A4F7556}") = "Karapinha.DTO", "Karapinha.DTO\Karapinha.DTO.csproj", "{CAFEAB56-51ED-41BE-B540-A7E8CF1A9D4E}"
EndProject
Project("{9A19103F-16F7-4668-BE54-9A1E7A4F7556}") = "Karapinha.Shared", "Karapinha.Shared\Karapinha.Shared.csproj", "{36FE19F1-3E0C-44AB-9494-1EE5A1BC728F}"
EndProject
Global
	GlobalSection(SolutionConfigurationPlatforms) = preSolution
		Debug|Any CPU = Debug|Any CPU
		Release|Any CPU = Release|Any CPU
	EndGlobalSection
	GlobalSection(ProjectConfigurationPlatforms) = postSolution
		{EDE39F80-EC07-4E84-B434-5694B19ED2F1}.Debug|Any CPU.ActiveCfg = Debug|Any CPU
		{EDE39F80-EC07-4E84-B434-5694B19ED2F1}.Debug|Any CPU.Build.0 = Debug|Any CPU
		{EDE39F80-EC07-4E84-B434-5694B19ED2F1}.Release|Any CPU.ActiveCfg = Release|Any CPU
		{EDE39F80-EC07-4E84-B434-5694B19ED2F1}.Release|Any CPU.Build.0 = Release|Any CPU
		{670B5293-3605-4939-9BD9-53758D2D51AC}.Debug|Any CPU.ActiveCfg = Debug|Any CPU
		{670B5293-3605-4939-9BD9-53758D2D51AC}.Debug|Any CPU.Build.0 = Debug|Any CPU
		{670B5293-3605-4939-9BD9-53758D2D51AC}.Release|Any CPU.ActiveCfg = Release|Any CPU
		{670B5293-3605-4939-9BD9-53758D2D51AC}.Release|Any CPU.Build.0 = Release|Any CPU
		{BEEAAB2E-501D-45F3-B8C0-8BF9C59F663B}.Debug|Any CPU.ActiveCfg = Debug|Any CPU
		{BEEAAB2E-501D-45F3-B8C0-8BF9C59F663B}.Debug|Any CPU.Build.0 = Debug|Any CPU
		{BEEAAB2E-501D-45F3-B8C0-8BF9C59F663B}.Release|Any CPU.ActiveCfg = Release|Any CPU
		{BEEAAB2E-501D-45F3-B8C0-8BF9C59F663B}.Release|Any CPU.Build.0 = Release|Any CPU
		{48021397-2976-41BE-AC25-1E631C618738}.Debug|Any CPU.ActiveCfg = Debug|Any CPU
		{48021397-2976-41BE-AC25-1E631C618738}.Debug|Any CPU.Build.0 = Debug|Any CPU
		{48021397-2976-41BE-AC25-1E631C618738}.Release|Any CPU.ActiveCfg = Release|Any CPU
		{48021397-2976-41BE-AC25-1E631C618738}.Release|Any CPU.Build.0 = Release|Any CPU
		{CAFEAB56-51ED-41BE-B540-A7E8CF1A9D4E}.Debug|Any CPU.ActiveCfg = Debug|Any CPU
		{CAFEAB56-51ED-41BE-B540-A7E8CF1A9D4E}.Debug|Any CPU.Build.0 = Debug|Any CPU
		{CAFEAB56-51ED-41BE-B540-A7E8CF1A9D4E}.Release|Any CPU.ActiveCfg = Release|Any CPU
		{CAFEAB56-51ED-41BE-B540-A7E8CF1A9D4E}.Release|Any CPU.Build.0 = Release|Any CPU
		{36FE19F1-3E0C-44AB-9494-1EE5A1BC728F}.Debug|Any CPU.ActiveCfg = Debug|Any CPU
		{36FE19F1-3E0C-44AB-9494-1EE5A1BC728F}.Debug|Any CPU.Build.0 = Debug|Any CPU
		{36FE19F1-3E0C-44AB-9494-1EE5A1BC728F}.Release|Any CPU.ActiveCfg = Release|Any CPU
		{36FE19F1-3E0C-44AB-9494-1EE5A1BC728F}.Release|Any CPU.Build.0 = Release|Any CPU
	EndGlobalSection
	GlobalSection(SolutionProperties) = preSolution
		HideSolutionNode = FALSE
	EndGlobalSection
	GlobalSection(ExtensibilityGlobals) = postSolution
		SolutionGuid = {5AC0F65E-ED2B-4B4C-930A-5FC74F16A6D0}
	EndGlobalSection
EndGlobal
